// !$*UTF8*$!
{
	archiveVersion = 1;
	classes = {
	};
	objectVersion = 48;
	objects = {

/* Begin PBXBuildFile section */
		9E6E8A80205EA53D00153532 /* AppDelegate.swift in Sources */ = {isa = PBXBuildFile; fileRef = 9E6E8A7F205EA53D00153532 /* AppDelegate.swift */; };
		9E6E8A82205EA53D00153532 /* ViewController.swift in Sources */ = {isa = PBXBuildFile; fileRef = 9E6E8A81205EA53D00153532 /* ViewController.swift */; };
		9E6E8A85205EA53D00153532 /* Main.storyboard in Resources */ = {isa = PBXBuildFile; fileRef = 9E6E8A83205EA53D00153532 /* Main.storyboard */; };
		9E6E8A87205EA53D00153532 /* Assets.xcassets in Resources */ = {isa = PBXBuildFile; fileRef = 9E6E8A86205EA53D00153532 /* Assets.xcassets */; };
		9E6E8A8A205EA53D00153532 /* LaunchScreen.storyboard in Resources */ = {isa = PBXBuildFile; fileRef = 9E6E8A88205EA53D00153532 /* LaunchScreen.storyboard */; };
		9E6E8BD8205EA8A500153532 /* aicon60x2.png in Resources */ = {isa = PBXBuildFile; fileRef = 9E6E8B6D205EA8A400153532 /* aicon60x2.png */; };
		9E6E8BD9205EA8A500153532 /* aicon60x3.png in Resources */ = {isa = PBXBuildFile; fileRef = 9E6E8B6E205EA8A400153532 /* aicon60x3.png */; };
		9E6E8BDA205EA8A500153532 /* aicon40x2.png in Resources */ = {isa = PBXBuildFile; fileRef = 9E6E8B6F205EA8A400153532 /* aicon40x2.png */; };
		9E6E8BDB205EA8A500153532 /* aicon40x3.png in Resources */ = {isa = PBXBuildFile; fileRef = 9E6E8B70205EA8A400153532 /* aicon40x3.png */; };
		9E6E8BDC205EA8A500153532 /* aicon40x1.png in Resources */ = {isa = PBXBuildFile; fileRef = 9E6E8B71205EA8A400153532 /* aicon40x1.png */; };
		9E6E8BDD205EA8A500153532 /* aicon835x2.png in Resources */ = {isa = PBXBuildFile; fileRef = 9E6E8B72205EA8A400153532 /* aicon835x2.png */; };
		9E6E8BDE205EA8A500153532 /* aicon1024.png in Resources */ = {isa = PBXBuildFile; fileRef = 9E6E8B73205EA8A400153532 /* aicon1024.png */; };
		9E6E8BDF205EA8A500153532 /* aicon20x1.png in Resources */ = {isa = PBXBuildFile; fileRef = 9E6E8B74205EA8A400153532 /* aicon20x1.png */; };
		9E6E8BE0205EA8A500153532 /* aicon20x3.png in Resources */ = {isa = PBXBuildFile; fileRef = 9E6E8B75205EA8A400153532 /* aicon20x3.png */; };
		9E6E8BE1205EA8A500153532 /* aicon20x2.png in Resources */ = {isa = PBXBuildFile; fileRef = 9E6E8B76205EA8A400153532 /* aicon20x2.png */; };
		9E6E8BE2205EA8A500153532 /* aicon76x2.png in Resources */ = {isa = PBXBuildFile; fileRef = 9E6E8B77205EA8A400153532 /* aicon76x2.png */; };
		9E6E8BE3205EA8A500153532 /* aicon76x1.png in Resources */ = {isa = PBXBuildFile; fileRef = 9E6E8B78205EA8A400153532 /* aicon76x1.png */; };
		9E6E8BE4205EA8A500153532 /* mk01.png in Resources */ = {isa = PBXBuildFile; fileRef = 9E6E8B79205EA8A400153532 /* mk01.png */; };
		9E6E8BE5205EA8A500153532 /* aicon29x3.png in Resources */ = {isa = PBXBuildFile; fileRef = 9E6E8B7A205EA8A400153532 /* aicon29x3.png */; };
		9E6E8BE6205EA8A500153532 /* aicon29x2.png in Resources */ = {isa = PBXBuildFile; fileRef = 9E6E8B7B205EA8A400153532 /* aicon29x2.png */; };
		9E6E8BE7205EA8A500153532 /* zconvert.sh in Resources */ = {isa = PBXBuildFile; fileRef = 9E6E8B7C205EA8A400153532 /* zconvert.sh */; };
		9E6E8BE8205EA8A500153532 /* aicon29x1.png in Resources */ = {isa = PBXBuildFile; fileRef = 9E6E8B7D205EA8A400153532 /* aicon29x1.png */; };
		9E6E8BE9205EA8A500153532 /* aicon60x2.png in Resources */ = {isa = PBXBuildFile; fileRef = 9E6E8B7F205EA8A400153532 /* aicon60x2.png */; };
		9E6E8BEA205EA8A500153532 /* aicon60x3.png in Resources */ = {isa = PBXBuildFile; fileRef = 9E6E8B80205EA8A400153532 /* aicon60x3.png */; };
		9E6E8BEB205EA8A500153532 /* aicon40x2.png in Resources */ = {isa = PBXBuildFile; fileRef = 9E6E8B81205EA8A400153532 /* aicon40x2.png */; };
		9E6E8BEC205EA8A500153532 /* aicon40x3.png in Resources */ = {isa = PBXBuildFile; fileRef = 9E6E8B82205EA8A400153532 /* aicon40x3.png */; };
		9E6E8BED205EA8A500153532 /* aicon40x1.png in Resources */ = {isa = PBXBuildFile; fileRef = 9E6E8B83205EA8A400153532 /* aicon40x1.png */; };
		9E6E8BEE205EA8A500153532 /* aicon835x2.png in Resources */ = {isa = PBXBuildFile; fileRef = 9E6E8B84205EA8A400153532 /* aicon835x2.png */; };
		9E6E8BEF205EA8A500153532 /* aicon1024.png in Resources */ = {isa = PBXBuildFile; fileRef = 9E6E8B85205EA8A400153532 /* aicon1024.png */; };
		9E6E8BF0205EA8A500153532 /* aicon20x1.png in Resources */ = {isa = PBXBuildFile; fileRef = 9E6E8B86205EA8A400153532 /* aicon20x1.png */; };
		9E6E8BF1205EA8A500153532 /* aicon20x3.png in Resources */ = {isa = PBXBuildFile; fileRef = 9E6E8B87205EA8A400153532 /* aicon20x3.png */; };
		9E6E8BF2205EA8A500153532 /* aicon20x2.png in Resources */ = {isa = PBXBuildFile; fileRef = 9E6E8B88205EA8A400153532 /* aicon20x2.png */; };
		9E6E8BF3205EA8A500153532 /* nara.png in Resources */ = {isa = PBXBuildFile; fileRef = 9E6E8B89205EA8A400153532 /* nara.png */; };
		9E6E8BF4205EA8A500153532 /* aicon76x2.png in Resources */ = {isa = PBXBuildFile; fileRef = 9E6E8B8A205EA8A400153532 /* aicon76x2.png */; };
		9E6E8BF5205EA8A500153532 /* aicon76x1.png in Resources */ = {isa = PBXBuildFile; fileRef = 9E6E8B8B205EA8A400153532 /* aicon76x1.png */; };
		9E6E8BF6205EA8A500153532 /* aicon29x3.png in Resources */ = {isa = PBXBuildFile; fileRef = 9E6E8B8C205EA8A400153532 /* aicon29x3.png */; };
		9E6E8BF7205EA8A500153532 /* aicon29x2.png in Resources */ = {isa = PBXBuildFile; fileRef = 9E6E8B8D205EA8A400153532 /* aicon29x2.png */; };
		9E6E8BF8205EA8A500153532 /* zconvert.sh in Resources */ = {isa = PBXBuildFile; fileRef = 9E6E8B8E205EA8A400153532 /* zconvert.sh */; };
		9E6E8BF9205EA8A500153532 /* aicon29x1.png in Resources */ = {isa = PBXBuildFile; fileRef = 9E6E8B8F205EA8A400153532 /* aicon29x1.png */; };
		9E6E8BFA205EA8A500153532 /* aicon60x2.png in Resources */ = {isa = PBXBuildFile; fileRef = 9E6E8B91205EA8A400153532 /* aicon60x2.png */; };
		9E6E8BFB205EA8A500153532 /* aicon60x3.png in Resources */ = {isa = PBXBuildFile; fileRef = 9E6E8B92205EA8A400153532 /* aicon60x3.png */; };
		9E6E8BFC205EA8A500153532 /* aicon40x2.png in Resources */ = {isa = PBXBuildFile; fileRef = 9E6E8B93205EA8A400153532 /* aicon40x2.png */; };
		9E6E8BFD205EA8A500153532 /* aicon40x3.png in Resources */ = {isa = PBXBuildFile; fileRef = 9E6E8B94205EA8A400153532 /* aicon40x3.png */; };
		9E6E8BFE205EA8A500153532 /* aicon40x1.png in Resources */ = {isa = PBXBuildFile; fileRef = 9E6E8B95205EA8A400153532 /* aicon40x1.png */; };
		9E6E8BFF205EA8A500153532 /* yayoi.png in Resources */ = {isa = PBXBuildFile; fileRef = 9E6E8B96205EA8A400153532 /* yayoi.png */; };
		9E6E8C00205EA8A500153532 /* aicon835x2.png in Resources */ = {isa = PBXBuildFile; fileRef = 9E6E8B97205EA8A400153532 /* aicon835x2.png */; };
		9E6E8C01205EA8A500153532 /* aicon1024.png in Resources */ = {isa = PBXBuildFile; fileRef = 9E6E8B98205EA8A400153532 /* aicon1024.png */; };
		9E6E8C02205EA8A500153532 /* aicon20x1.png in Resources */ = {isa = PBXBuildFile; fileRef = 9E6E8B99205EA8A400153532 /* aicon20x1.png */; };
		9E6E8C03205EA8A500153532 /* aicon20x3.png in Resources */ = {isa = PBXBuildFile; fileRef = 9E6E8B9A205EA8A400153532 /* aicon20x3.png */; };
		9E6E8C04205EA8A500153532 /* aicon20x2.png in Resources */ = {isa = PBXBuildFile; fileRef = 9E6E8B9B205EA8A400153532 /* aicon20x2.png */; };
		9E6E8C05205EA8A500153532 /* aicon76x2.png in Resources */ = {isa = PBXBuildFile; fileRef = 9E6E8B9C205EA8A400153532 /* aicon76x2.png */; };
		9E6E8C06205EA8A500153532 /* aicon76x1.png in Resources */ = {isa = PBXBuildFile; fileRef = 9E6E8B9D205EA8A400153532 /* aicon76x1.png */; };
		9E6E8C07205EA8A500153532 /* aicon29x3.png in Resources */ = {isa = PBXBuildFile; fileRef = 9E6E8B9E205EA8A400153532 /* aicon29x3.png */; };
		9E6E8C08205EA8A500153532 /* aicon29x2.png in Resources */ = {isa = PBXBuildFile; fileRef = 9E6E8B9F205EA8A400153532 /* aicon29x2.png */; };
		9E6E8C09205EA8A500153532 /* zconvert.sh in Resources */ = {isa = PBXBuildFile; fileRef = 9E6E8BA0205EA8A400153532 /* zconvert.sh */; };
		9E6E8C0A205EA8A500153532 /* aicon29x1.png in Resources */ = {isa = PBXBuildFile; fileRef = 9E6E8BA1205EA8A400153532 /* aicon29x1.png */; };
		9E6E8C0B205EA8A500153532 /* aicon60x2.png in Resources */ = {isa = PBXBuildFile; fileRef = 9E6E8BA3205EA8A400153532 /* aicon60x2.png */; };
		9E6E8C0C205EA8A500153532 /* aicon60x3.png in Resources */ = {isa = PBXBuildFile; fileRef = 9E6E8BA4205EA8A400153532 /* aicon60x3.png */; };
		9E6E8C0D205EA8A500153532 /* aicon40x2.png in Resources */ = {isa = PBXBuildFile; fileRef = 9E6E8BA5205EA8A400153532 /* aicon40x2.png */; };
		9E6E8C0E205EA8A500153532 /* aicon40x3.png in Resources */ = {isa = PBXBuildFile; fileRef = 9E6E8BA6205EA8A400153532 /* aicon40x3.png */; };
		9E6E8C0F205EA8A500153532 /* aicon40x1.png in Resources */ = {isa = PBXBuildFile; fileRef = 9E6E8BA7205EA8A400153532 /* aicon40x1.png */; };
		9E6E8C10205EA8A500153532 /* aicon835x2.png in Resources */ = {isa = PBXBuildFile; fileRef = 9E6E8BA8205EA8A400153532 /* aicon835x2.png */; };
		9E6E8C11205EA8A500153532 /* aicon1024.png in Resources */ = {isa = PBXBuildFile; fileRef = 9E6E8BA9205EA8A400153532 /* aicon1024.png */; };
		9E6E8C12205EA8A500153532 /* aicon20x1.png in Resources */ = {isa = PBXBuildFile; fileRef = 9E6E8BAA205EA8A400153532 /* aicon20x1.png */; };
		9E6E8C13205EA8A500153532 /* aicon20x3.png in Resources */ = {isa = PBXBuildFile; fileRef = 9E6E8BAB205EA8A400153532 /* aicon20x3.png */; };
		9E6E8C14205EA8A500153532 /* aicon20x2.png in Resources */ = {isa = PBXBuildFile; fileRef = 9E6E8BAC205EA8A400153532 /* aicon20x2.png */; };
		9E6E8C15205EA8A500153532 /* aicon76x2.png in Resources */ = {isa = PBXBuildFile; fileRef = 9E6E8BAD205EA8A400153532 /* aicon76x2.png */; };
		9E6E8C16205EA8A500153532 /* mk005.png in Resources */ = {isa = PBXBuildFile; fileRef = 9E6E8BAE205EA8A400153532 /* mk005.png */; };
		9E6E8C17205EA8A500153532 /* aicon76x1.png in Resources */ = {isa = PBXBuildFile; fileRef = 9E6E8BAF205EA8A400153532 /* aicon76x1.png */; };
		9E6E8C18205EA8A500153532 /* aicon29x3.png in Resources */ = {isa = PBXBuildFile; fileRef = 9E6E8BB0205EA8A400153532 /* aicon29x3.png */; };
		9E6E8C19205EA8A500153532 /* aicon29x2.png in Resources */ = {isa = PBXBuildFile; fileRef = 9E6E8BB1205EA8A400153532 /* aicon29x2.png */; };
		9E6E8C1A205EA8A500153532 /* zconvert.sh in Resources */ = {isa = PBXBuildFile; fileRef = 9E6E8BB2205EA8A400153532 /* zconvert.sh */; };
		9E6E8C1B205EA8A500153532 /* aicon29x1.png in Resources */ = {isa = PBXBuildFile; fileRef = 9E6E8BB3205EA8A400153532 /* aicon29x1.png */; };
		9E6E8C1C205EA8A500153532 /* aicon60x2.png in Resources */ = {isa = PBXBuildFile; fileRef = 9E6E8BB5205EA8A400153532 /* aicon60x2.png */; };
		9E6E8C1D205EA8A500153532 /* aicon60x3.png in Resources */ = {isa = PBXBuildFile; fileRef = 9E6E8BB6205EA8A400153532 /* aicon60x3.png */; };
		9E6E8C1E205EA8A500153532 /* aicon40x2.png in Resources */ = {isa = PBXBuildFile; fileRef = 9E6E8BB7205EA8A400153532 /* aicon40x2.png */; };
		9E6E8C1F205EA8A500153532 /* aicon40x3.png in Resources */ = {isa = PBXBuildFile; fileRef = 9E6E8BB8205EA8A400153532 /* aicon40x3.png */; };
		9E6E8C20205EA8A500153532 /* aicon40x1.png in Resources */ = {isa = PBXBuildFile; fileRef = 9E6E8BB9205EA8A400153532 /* aicon40x1.png */; };
		9E6E8C21205EA8A500153532 /* chester.png in Resources */ = {isa = PBXBuildFile; fileRef = 9E6E8BBA205EA8A400153532 /* chester.png */; };
		9E6E8C22205EA8A500153532 /* aicon835x2.png in Resources */ = {isa = PBXBuildFile; fileRef = 9E6E8BBB205EA8A400153532 /* aicon835x2.png */; };
		9E6E8C23205EA8A500153532 /* aicon1024.png in Resources */ = {isa = PBXBuildFile; fileRef = 9E6E8BBC205EA8A400153532 /* aicon1024.png */; };
		9E6E8C24205EA8A500153532 /* aicon20x1.png in Resources */ = {isa = PBXBuildFile; fileRef = 9E6E8BBD205EA8A400153532 /* aicon20x1.png */; };
		9E6E8C25205EA8A500153532 /* aicon20x3.png in Resources */ = {isa = PBXBuildFile; fileRef = 9E6E8BBE205EA8A400153532 /* aicon20x3.png */; };
		9E6E8C26205EA8A500153532 /* aicon20x2.png in Resources */ = {isa = PBXBuildFile; fileRef = 9E6E8BBF205EA8A400153532 /* aicon20x2.png */; };
		9E6E8C27205EA8A500153532 /* aicon76x2.png in Resources */ = {isa = PBXBuildFile; fileRef = 9E6E8BC0205EA8A400153532 /* aicon76x2.png */; };
		9E6E8C28205EA8A500153532 /* aicon76x1.png in Resources */ = {isa = PBXBuildFile; fileRef = 9E6E8BC1205EA8A400153532 /* aicon76x1.png */; };
		9E6E8C29205EA8A500153532 /* aicon29x3.png in Resources */ = {isa = PBXBuildFile; fileRef = 9E6E8BC2205EA8A400153532 /* aicon29x3.png */; };
		9E6E8C2A205EA8A500153532 /* aicon29x2.png in Resources */ = {isa = PBXBuildFile; fileRef = 9E6E8BC3205EA8A400153532 /* aicon29x2.png */; };
		9E6E8C2B205EA8A500153532 /* zconvert.sh in Resources */ = {isa = PBXBuildFile; fileRef = 9E6E8BC4205EA8A400153532 /* zconvert.sh */; };
		9E6E8C2C205EA8A500153532 /* aicon29x1.png in Resources */ = {isa = PBXBuildFile; fileRef = 9E6E8BC5205EA8A400153532 /* aicon29x1.png */; };
		9E6E8C2D205EA8A500153532 /* aicon60x2.png in Resources */ = {isa = PBXBuildFile; fileRef = 9E6E8BC7205EA8A400153532 /* aicon60x2.png */; };
		9E6E8C2E205EA8A500153532 /* aicon60x3.png in Resources */ = {isa = PBXBuildFile; fileRef = 9E6E8BC8205EA8A400153532 /* aicon60x3.png */; };
		9E6E8C2F205EA8A500153532 /* aicon40x2.png in Resources */ = {isa = PBXBuildFile; fileRef = 9E6E8BC9205EA8A400153532 /* aicon40x2.png */; };
		9E6E8C30205EA8A500153532 /* aicon40x3.png in Resources */ = {isa = PBXBuildFile; fileRef = 9E6E8BCA205EA8A400153532 /* aicon40x3.png */; };
		9E6E8C31205EA8A500153532 /* aicon40x1.png in Resources */ = {isa = PBXBuildFile; fileRef = 9E6E8BCB205EA8A400153532 /* aicon40x1.png */; };
		9E6E8C32205EA8A500153532 /* aicon835x2.png in Resources */ = {isa = PBXBuildFile; fileRef = 9E6E8BCC205EA8A400153532 /* aicon835x2.png */; };
		9E6E8C33205EA8A500153532 /* whouse.png in Resources */ = {isa = PBXBuildFile; fileRef = 9E6E8BCD205EA8A400153532 /* whouse.png */; };
		9E6E8C34205EA8A500153532 /* aicon1024.png in Resources */ = {isa = PBXBuildFile; fileRef = 9E6E8BCE205EA8A400153532 /* aicon1024.png */; };
		9E6E8C35205EA8A500153532 /* aicon20x1.png in Resources */ = {isa = PBXBuildFile; fileRef = 9E6E8BCF205EA8A400153532 /* aicon20x1.png */; };
		9E6E8C36205EA8A500153532 /* aicon20x3.png in Resources */ = {isa = PBXBuildFile; fileRef = 9E6E8BD0205EA8A400153532 /* aicon20x3.png */; };
		9E6E8C37205EA8A500153532 /* aicon20x2.png in Resources */ = {isa = PBXBuildFile; fileRef = 9E6E8BD1205EA8A400153532 /* aicon20x2.png */; };
		9E6E8C38205EA8A500153532 /* aicon76x2.png in Resources */ = {isa = PBXBuildFile; fileRef = 9E6E8BD2205EA8A400153532 /* aicon76x2.png */; };
		9E6E8C39205EA8A500153532 /* aicon76x1.png in Resources */ = {isa = PBXBuildFile; fileRef = 9E6E8BD3205EA8A400153532 /* aicon76x1.png */; };
		9E6E8C3A205EA8A500153532 /* aicon29x3.png in Resources */ = {isa = PBXBuildFile; fileRef = 9E6E8BD4205EA8A400153532 /* aicon29x3.png */; };
		9E6E8C3B205EA8A500153532 /* aicon29x2.png in Resources */ = {isa = PBXBuildFile; fileRef = 9E6E8BD5205EA8A400153532 /* aicon29x2.png */; };
		9E6E8C3C205EA8A500153532 /* zconvert.sh in Resources */ = {isa = PBXBuildFile; fileRef = 9E6E8BD6205EA8A400153532 /* zconvert.sh */; };
		9E6E8C3D205EA8A500153532 /* aicon29x1.png in Resources */ = {isa = PBXBuildFile; fileRef = 9E6E8BD7205EA8A400153532 /* aicon29x1.png */; };
/* End PBXBuildFile section */

/* Begin PBXFileReference section */
		9E6E8A7C205EA53D00153532 /* Toro.app */ = {isa = PBXFileReference; explicitFileType = wrapper.application; includeInIndex = 0; path = Toro.app; sourceTree = BUILT_PRODUCTS_DIR; };
		9E6E8A7F205EA53D00153532 /* AppDelegate.swift */ = {isa = PBXFileReference; lastKnownFileType = sourcecode.swift; path = AppDelegate.swift; sourceTree = "<group>"; };
		9E6E8A81205EA53D00153532 /* ViewController.swift */ = {isa = PBXFileReference; lastKnownFileType = sourcecode.swift; path = ViewController.swift; sourceTree = "<group>"; };
		9E6E8A84205EA53D00153532 /* Base */ = {isa = PBXFileReference; lastKnownFileType = file.storyboard; name = Base; path = Base.lproj/Main.storyboard; sourceTree = "<group>"; };
		9E6E8A86205EA53D00153532 /* Assets.xcassets */ = {isa = PBXFileReference; lastKnownFileType = folder.assetcatalog; path = Assets.xcassets; sourceTree = "<group>"; };
		9E6E8A89205EA53D00153532 /* Base */ = {isa = PBXFileReference; lastKnownFileType = file.storyboard; name = Base; path = Base.lproj/LaunchScreen.storyboard; sourceTree = "<group>"; };
		9E6E8A8B205EA53D00153532 /* Info.plist */ = {isa = PBXFileReference; lastKnownFileType = text.plist.xml; path = Info.plist; sourceTree = "<group>"; };
		9E6E8B6D205EA8A400153532 /* aicon60x2.png */ = {isa = PBXFileReference; lastKnownFileType = image.png; path = aicon60x2.png; sourceTree = "<group>"; };
		9E6E8B6E205EA8A400153532 /* aicon60x3.png */ = {isa = PBXFileReference; lastKnownFileType = image.png; path = aicon60x3.png; sourceTree = "<group>"; };
		9E6E8B6F205EA8A400153532 /* aicon40x2.png */ = {isa = PBXFileReference; lastKnownFileType = image.png; path = aicon40x2.png; sourceTree = "<group>"; };
		9E6E8B70205EA8A400153532 /* aicon40x3.png */ = {isa = PBXFileReference; lastKnownFileType = image.png; path = aicon40x3.png; sourceTree = "<group>"; };
		9E6E8B71205EA8A400153532 /* aicon40x1.png */ = {isa = PBXFileReference; lastKnownFileType = image.png; path = aicon40x1.png; sourceTree = "<group>"; };
		9E6E8B72205EA8A400153532 /* aicon835x2.png */ = {isa = PBXFileReference; lastKnownFileType = image.png; path = aicon835x2.png; sourceTree = "<group>"; };
		9E6E8B73205EA8A400153532 /* aicon1024.png */ = {isa = PBXFileReference; lastKnownFileType = image.png; path = aicon1024.png; sourceTree = "<group>"; };
		9E6E8B74205EA8A400153532 /* aicon20x1.png */ = {isa = PBXFileReference; lastKnownFileType = image.png; path = aicon20x1.png; sourceTree = "<group>"; };
		9E6E8B75205EA8A400153532 /* aicon20x3.png */ = {isa = PBXFileReference; lastKnownFileType = image.png; path = aicon20x3.png; sourceTree = "<group>"; };
		9E6E8B76205EA8A400153532 /* aicon20x2.png */ = {isa = PBXFileReference; lastKnownFileType = image.png; path = aicon20x2.png; sourceTree = "<group>"; };
		9E6E8B77205EA8A400153532 /* aicon76x2.png */ = {isa = PBXFileReference; lastKnownFileType = image.png; path = aicon76x2.png; sourceTree = "<group>"; };
		9E6E8B78205EA8A400153532 /* aicon76x1.png */ = {isa = PBXFileReference; lastKnownFileType = image.png; path = aicon76x1.png; sourceTree = "<group>"; };
		9E6E8B79205EA8A400153532 /* mk01.png */ = {isa = PBXFileReference; lastKnownFileType = image.png; path = mk01.png; sourceTree = "<group>"; };
		9E6E8B7A205EA8A400153532 /* aicon29x3.png */ = {isa = PBXFileReference; lastKnownFileType = image.png; path = aicon29x3.png; sourceTree = "<group>"; };
		9E6E8B7B205EA8A400153532 /* aicon29x2.png */ = {isa = PBXFileReference; lastKnownFileType = image.png; path = aicon29x2.png; sourceTree = "<group>"; };
		9E6E8B7C205EA8A400153532 /* zconvert.sh */ = {isa = PBXFileReference; fileEncoding = 4; lastKnownFileType = text.script.sh; path = zconvert.sh; sourceTree = "<group>"; };
		9E6E8B7D205EA8A400153532 /* aicon29x1.png */ = {isa = PBXFileReference; lastKnownFileType = image.png; path = aicon29x1.png; sourceTree = "<group>"; };
		9E6E8B7F205EA8A400153532 /* aicon60x2.png */ = {isa = PBXFileReference; lastKnownFileType = image.png; path = aicon60x2.png; sourceTree = "<group>"; };
		9E6E8B80205EA8A400153532 /* aicon60x3.png */ = {isa = PBXFileReference; lastKnownFileType = image.png; path = aicon60x3.png; sourceTree = "<group>"; };
		9E6E8B81205EA8A400153532 /* aicon40x2.png */ = {isa = PBXFileReference; lastKnownFileType = image.png; path = aicon40x2.png; sourceTree = "<group>"; };
		9E6E8B82205EA8A400153532 /* aicon40x3.png */ = {isa = PBXFileReference; lastKnownFileType = image.png; path = aicon40x3.png; sourceTree = "<group>"; };
		9E6E8B83205EA8A400153532 /* aicon40x1.png */ = {isa = PBXFileReference; lastKnownFileType = image.png; path = aicon40x1.png; sourceTree = "<group>"; };
		9E6E8B84205EA8A400153532 /* aicon835x2.png */ = {isa = PBXFileReference; lastKnownFileType = image.png; path = aicon835x2.png; sourceTree = "<group>"; };
		9E6E8B85205EA8A400153532 /* aicon1024.png */ = {isa = PBXFileReference; lastKnownFileType = image.png; path = aicon1024.png; sourceTree = "<group>"; };
		9E6E8B86205EA8A400153532 /* aicon20x1.png */ = {isa = PBXFileReference; lastKnownFileType = image.png; path = aicon20x1.png; sourceTree = "<group>"; };
		9E6E8B87205EA8A400153532 /* aicon20x3.png */ = {isa = PBXFileReference; lastKnownFileType = image.png; path = aicon20x3.png; sourceTree = "<group>"; };
		9E6E8B88205EA8A400153532 /* aicon20x2.png */ = {isa = PBXFileReference; lastKnownFileType = image.png; path = aicon20x2.png; sourceTree = "<group>"; };
		9E6E8B89205EA8A400153532 /* nara.png */ = {isa = PBXFileReference; lastKnownFileType = image.png; path = nara.png; sourceTree = "<group>"; };
		9E6E8B8A205EA8A400153532 /* aicon76x2.png */ = {isa = PBXFileReference; lastKnownFileType = image.png; path = aicon76x2.png; sourceTree = "<group>"; };
		9E6E8B8B205EA8A400153532 /* aicon76x1.png */ = {isa = PBXFileReference; lastKnownFileType = image.png; path = aicon76x1.png; sourceTree = "<group>"; };
		9E6E8B8C205EA8A400153532 /* aicon29x3.png */ = {isa = PBXFileReference; lastKnownFileType = image.png; path = aicon29x3.png; sourceTree = "<group>"; };
		9E6E8B8D205EA8A400153532 /* aicon29x2.png */ = {isa = PBXFileReference; lastKnownFileType = image.png; path = aicon29x2.png; sourceTree = "<group>"; };
		9E6E8B8E205EA8A400153532 /* zconvert.sh */ = {isa = PBXFileReference; fileEncoding = 4; lastKnownFileType = text.script.sh; path = zconvert.sh; sourceTree = "<group>"; };
		9E6E8B8F205EA8A400153532 /* aicon29x1.png */ = {isa = PBXFileReference; lastKnownFileType = image.png; path = aicon29x1.png; sourceTree = "<group>"; };
		9E6E8B91205EA8A400153532 /* aicon60x2.png */ = {isa = PBXFileReference; lastKnownFileType = image.png; path = aicon60x2.png; sourceTree = "<group>"; };
		9E6E8B92205EA8A400153532 /* aicon60x3.png */ = {isa = PBXFileReference; lastKnownFileType = image.png; path = aicon60x3.png; sourceTree = "<group>"; };
		9E6E8B93205EA8A400153532 /* aicon40x2.png */ = {isa = PBXFileReference; lastKnownFileType = image.png; path = aicon40x2.png; sourceTree = "<group>"; };
		9E6E8B94205EA8A400153532 /* aicon40x3.png */ = {isa = PBXFileReference; lastKnownFileType = image.png; path = aicon40x3.png; sourceTree = "<group>"; };
		9E6E8B95205EA8A400153532 /* aicon40x1.png */ = {isa = PBXFileReference; lastKnownFileType = image.png; path = aicon40x1.png; sourceTree = "<group>"; };
		9E6E8B96205EA8A400153532 /* yayoi.png */ = {isa = PBXFileReference; lastKnownFileType = image.png; path = yayoi.png; sourceTree = "<group>"; };
		9E6E8B97205EA8A400153532 /* aicon835x2.png */ = {isa = PBXFileReference; lastKnownFileType = image.png; path = aicon835x2.png; sourceTree = "<group>"; };
		9E6E8B98205EA8A400153532 /* aicon1024.png */ = {isa = PBXFileReference; lastKnownFileType = image.png; path = aicon1024.png; sourceTree = "<group>"; };
		9E6E8B99205EA8A400153532 /* aicon20x1.png */ = {isa = PBXFileReference; lastKnownFileType = image.png; path = aicon20x1.png; sourceTree = "<group>"; };
		9E6E8B9A205EA8A400153532 /* aicon20x3.png */ = {isa = PBXFileReference; lastKnownFileType = image.png; path = aicon20x3.png; sourceTree = "<group>"; };
		9E6E8B9B205EA8A400153532 /* aicon20x2.png */ = {isa = PBXFileReference; lastKnownFileType = image.png; path = aicon20x2.png; sourceTree = "<group>"; };
		9E6E8B9C205EA8A400153532 /* aicon76x2.png */ = {isa = PBXFileReference; lastKnownFileType = image.png; path = aicon76x2.png; sourceTree = "<group>"; };
		9E6E8B9D205EA8A400153532 /* aicon76x1.png */ = {isa = PBXFileReference; lastKnownFileType = image.png; path = aicon76x1.png; sourceTree = "<group>"; };
		9E6E8B9E205EA8A400153532 /* aicon29x3.png */ = {isa = PBXFileReference; lastKnownFileType = image.png; path = aicon29x3.png; sourceTree = "<group>"; };
		9E6E8B9F205EA8A400153532 /* aicon29x2.png */ = {isa = PBXFileReference; lastKnownFileType = image.png; path = aicon29x2.png; sourceTree = "<group>"; };
		9E6E8BA0205EA8A400153532 /* zconvert.sh */ = {isa = PBXFileReference; fileEncoding = 4; lastKnownFileType = text.script.sh; path = zconvert.sh; sourceTree = "<group>"; };
		9E6E8BA1205EA8A400153532 /* aicon29x1.png */ = {isa = PBXFileReference; lastKnownFileType = image.png; path = aicon29x1.png; sourceTree = "<group>"; };
		9E6E8BA3205EA8A400153532 /* aicon60x2.png */ = {isa = PBXFileReference; lastKnownFileType = image.png; path = aicon60x2.png; sourceTree = "<group>"; };
		9E6E8BA4205EA8A400153532 /* aicon60x3.png */ = {isa = PBXFileReference; lastKnownFileType = image.png; path = aicon60x3.png; sourceTree = "<group>"; };
		9E6E8BA5205EA8A400153532 /* aicon40x2.png */ = {isa = PBXFileReference; lastKnownFileType = image.png; path = aicon40x2.png; sourceTree = "<group>"; };
		9E6E8BA6205EA8A400153532 /* aicon40x3.png */ = {isa = PBXFileReference; lastKnownFileType = image.png; path = aicon40x3.png; sourceTree = "<group>"; };
		9E6E8BA7205EA8A400153532 /* aicon40x1.png */ = {isa = PBXFileReference; lastKnownFileType = image.png; path = aicon40x1.png; sourceTree = "<group>"; };
		9E6E8BA8205EA8A400153532 /* aicon835x2.png */ = {isa = PBXFileReference; lastKnownFileType = image.png; path = aicon835x2.png; sourceTree = "<group>"; };
		9E6E8BA9205EA8A400153532 /* aicon1024.png */ = {isa = PBXFileReference; lastKnownFileType = image.png; path = aicon1024.png; sourceTree = "<group>"; };
		9E6E8BAA205EA8A400153532 /* aicon20x1.png */ = {isa = PBXFileReference; lastKnownFileType = image.png; path = aicon20x1.png; sourceTree = "<group>"; };
		9E6E8BAB205EA8A400153532 /* aicon20x3.png */ = {isa = PBXFileReference; lastKnownFileType = image.png; path = aicon20x3.png; sourceTree = "<group>"; };
		9E6E8BAC205EA8A400153532 /* aicon20x2.png */ = {isa = PBXFileReference; lastKnownFileType = image.png; path = aicon20x2.png; sourceTree = "<group>"; };
		9E6E8BAD205EA8A400153532 /* aicon76x2.png */ = {isa = PBXFileReference; lastKnownFileType = image.png; path = aicon76x2.png; sourceTree = "<group>"; };
		9E6E8BAE205EA8A400153532 /* mk005.png */ = {isa = PBXFileReference; lastKnownFileType = image.png; path = mk005.png; sourceTree = "<group>"; };
		9E6E8BAF205EA8A400153532 /* aicon76x1.png */ = {isa = PBXFileReference; lastKnownFileType = image.png; path = aicon76x1.png; sourceTree = "<group>"; };
		9E6E8BB0205EA8A400153532 /* aicon29x3.png */ = {isa = PBXFileReference; lastKnownFileType = image.png; path = aicon29x3.png; sourceTree = "<group>"; };
		9E6E8BB1205EA8A400153532 /* aicon29x2.png */ = {isa = PBXFileReference; lastKnownFileType = image.png; path = aicon29x2.png; sourceTree = "<group>"; };
		9E6E8BB2205EA8A400153532 /* zconvert.sh */ = {isa = PBXFileReference; fileEncoding = 4; lastKnownFileType = text.script.sh; path = zconvert.sh; sourceTree = "<group>"; };
		9E6E8BB3205EA8A400153532 /* aicon29x1.png */ = {isa = PBXFileReference; lastKnownFileType = image.png; path = aicon29x1.png; sourceTree = "<group>"; };
		9E6E8BB5205EA8A400153532 /* aicon60x2.png */ = {isa = PBXFileReference; lastKnownFileType = image.png; path = aicon60x2.png; sourceTree = "<group>"; };
		9E6E8BB6205EA8A400153532 /* aicon60x3.png */ = {isa = PBXFileReference; lastKnownFileType = image.png; path = aicon60x3.png; sourceTree = "<group>"; };
		9E6E8BB7205EA8A400153532 /* aicon40x2.png */ = {isa = PBXFileReference; lastKnownFileType = image.png; path = aicon40x2.png; sourceTree = "<group>"; };
		9E6E8BB8205EA8A400153532 /* aicon40x3.png */ = {isa = PBXFileReference; lastKnownFileType = image.png; path = aicon40x3.png; sourceTree = "<group>"; };
		9E6E8BB9205EA8A400153532 /* aicon40x1.png */ = {isa = PBXFileReference; lastKnownFileType = image.png; path = aicon40x1.png; sourceTree = "<group>"; };
		9E6E8BBA205EA8A400153532 /* chester.png */ = {isa = PBXFileReference; lastKnownFileType = image.png; path = chester.png; sourceTree = "<group>"; };
		9E6E8BBB205EA8A400153532 /* aicon835x2.png */ = {isa = PBXFileReference; lastKnownFileType = image.png; path = aicon835x2.png; sourceTree = "<group>"; };
		9E6E8BBC205EA8A400153532 /* aicon1024.png */ = {isa = PBXFileReference; lastKnownFileType = image.png; path = aicon1024.png; sourceTree = "<group>"; };
		9E6E8BBD205EA8A400153532 /* aicon20x1.png */ = {isa = PBXFileReference; lastKnownFileType = image.png; path = aicon20x1.png; sourceTree = "<group>"; };
		9E6E8BBE205EA8A400153532 /* aicon20x3.png */ = {isa = PBXFileReference; lastKnownFileType = image.png; path = aicon20x3.png; sourceTree = "<group>"; };
		9E6E8BBF205EA8A400153532 /* aicon20x2.png */ = {isa = PBXFileReference; lastKnownFileType = image.png; path = aicon20x2.png; sourceTree = "<group>"; };
		9E6E8BC0205EA8A400153532 /* aicon76x2.png */ = {isa = PBXFileReference; lastKnownFileType = image.png; path = aicon76x2.png; sourceTree = "<group>"; };
		9E6E8BC1205EA8A400153532 /* aicon76x1.png */ = {isa = PBXFileReference; lastKnownFileType = image.png; path = aicon76x1.png; sourceTree = "<group>"; };
		9E6E8BC2205EA8A400153532 /* aicon29x3.png */ = {isa = PBXFileReference; lastKnownFileType = image.png; path = aicon29x3.png; sourceTree = "<group>"; };
		9E6E8BC3205EA8A400153532 /* aicon29x2.png */ = {isa = PBXFileReference; lastKnownFileType = image.png; path = aicon29x2.png; sourceTree = "<group>"; };
		9E6E8BC4205EA8A400153532 /* zconvert.sh */ = {isa = PBXFileReference; fileEncoding = 4; lastKnownFileType = text.script.sh; path = zconvert.sh; sourceTree = "<group>"; };
		9E6E8BC5205EA8A400153532 /* aicon29x1.png */ = {isa = PBXFileReference; lastKnownFileType = image.png; path = aicon29x1.png; sourceTree = "<group>"; };
		9E6E8BC7205EA8A400153532 /* aicon60x2.png */ = {isa = PBXFileReference; lastKnownFileType = image.png; path = aicon60x2.png; sourceTree = "<group>"; };
		9E6E8BC8205EA8A400153532 /* aicon60x3.png */ = {isa = PBXFileReference; lastKnownFileType = image.png; path = aicon60x3.png; sourceTree = "<group>"; };
		9E6E8BC9205EA8A400153532 /* aicon40x2.png */ = {isa = PBXFileReference; lastKnownFileType = image.png; path = aicon40x2.png; sourceTree = "<group>"; };
		9E6E8BCA205EA8A400153532 /* aicon40x3.png */ = {isa = PBXFileReference; lastKnownFileType = image.png; path = aicon40x3.png; sourceTree = "<group>"; };
		9E6E8BCB205EA8A400153532 /* aicon40x1.png */ = {isa = PBXFileReference; lastKnownFileType = image.png; path = aicon40x1.png; sourceTree = "<group>"; };
		9E6E8BCC205EA8A400153532 /* aicon835x2.png */ = {isa = PBXFileReference; lastKnownFileType = image.png; path = aicon835x2.png; sourceTree = "<group>"; };
		9E6E8BCD205EA8A400153532 /* whouse.png */ = {isa = PBXFileReference; lastKnownFileType = image.png; path = whouse.png; sourceTree = "<group>"; };
		9E6E8BCE205EA8A400153532 /* aicon1024.png */ = {isa = PBXFileReference; lastKnownFileType = image.png; path = aicon1024.png; sourceTree = "<group>"; };
		9E6E8BCF205EA8A400153532 /* aicon20x1.png */ = {isa = PBXFileReference; lastKnownFileType = image.png; path = aicon20x1.png; sourceTree = "<group>"; };
		9E6E8BD0205EA8A400153532 /* aicon20x3.png */ = {isa = PBXFileReference; lastKnownFileType = image.png; path = aicon20x3.png; sourceTree = "<group>"; };
		9E6E8BD1205EA8A400153532 /* aicon20x2.png */ = {isa = PBXFileReference; lastKnownFileType = image.png; path = aicon20x2.png; sourceTree = "<group>"; };
		9E6E8BD2205EA8A400153532 /* aicon76x2.png */ = {isa = PBXFileReference; lastKnownFileType = image.png; path = aicon76x2.png; sourceTree = "<group>"; };
		9E6E8BD3205EA8A400153532 /* aicon76x1.png */ = {isa = PBXFileReference; lastKnownFileType = image.png; path = aicon76x1.png; sourceTree = "<group>"; };
		9E6E8BD4205EA8A400153532 /* aicon29x3.png */ = {isa = PBXFileReference; lastKnownFileType = image.png; path = aicon29x3.png; sourceTree = "<group>"; };
		9E6E8BD5205EA8A400153532 /* aicon29x2.png */ = {isa = PBXFileReference; lastKnownFileType = image.png; path = aicon29x2.png; sourceTree = "<group>"; };
		9E6E8BD6205EA8A400153532 /* zconvert.sh */ = {isa = PBXFileReference; fileEncoding = 4; lastKnownFileType = text.script.sh; path = zconvert.sh; sourceTree = "<group>"; };
		9E6E8BD7205EA8A400153532 /* aicon29x1.png */ = {isa = PBXFileReference; lastKnownFileType = image.png; path = aicon29x1.png; sourceTree = "<group>"; };
/* End PBXFileReference section */

/* Begin PBXFrameworksBuildPhase section */
		9E6E8A79205EA53D00153532 /* Frameworks */ = {
			isa = PBXFrameworksBuildPhase;
			buildActionMask = 2147483647;
			files = (
			);
			runOnlyForDeploymentPostprocessing = 0;
		};
/* End PBXFrameworksBuildPhase section */

/* Begin PBXGroup section */
		9E6E8A73205EA53D00153532 = {
			isa = PBXGroup;
			children = (
				9E6E8B6B205EA8A400153532 /* gen */,
				9E6E8A7E205EA53D00153532 /* Toro */,
				9E6E8A7D205EA53D00153532 /* Products */,
			);
			sourceTree = "<group>";
		};
		9E6E8A7D205EA53D00153532 /* Products */ = {
			isa = PBXGroup;
			children = (
				9E6E8A7C205EA53D00153532 /* Toro.app */,
			);
			name = Products;
			sourceTree = "<group>";
		};
		9E6E8A7E205EA53D00153532 /* Toro */ = {
			isa = PBXGroup;
			children = (
				9E6E8A7F205EA53D00153532 /* AppDelegate.swift */,
				9E6E8A81205EA53D00153532 /* ViewController.swift */,
				9E6E8A83205EA53D00153532 /* Main.storyboard */,
				9E6E8A86205EA53D00153532 /* Assets.xcassets */,
				9E6E8A88205EA53D00153532 /* LaunchScreen.storyboard */,
				9E6E8A8B205EA53D00153532 /* Info.plist */,
			);
			path = Toro;
			sourceTree = "<group>";
		};
		9E6E8B6B205EA8A400153532 /* gen */ = {
			isa = PBXGroup;
			children = (
				9E6E8B6C205EA8A400153532 /* mk01 */,
				9E6E8B7E205EA8A400153532 /* nara */,
				9E6E8B90205EA8A400153532 /* yayoi */,
				9E6E8BA2205EA8A400153532 /* mk */,
				9E6E8BB4205EA8A400153532 /* chester */,
				9E6E8BC6205EA8A400153532 /* whouse */,
			);
			path = gen;
			sourceTree = "<group>";
		};
		9E6E8B6C205EA8A400153532 /* mk01 */ = {
			isa = PBXGroup;
			children = (
				9E6E8B6D205EA8A400153532 /* aicon60x2.png */,
				9E6E8B6E205EA8A400153532 /* aicon60x3.png */,
				9E6E8B6F205EA8A400153532 /* aicon40x2.png */,
				9E6E8B70205EA8A400153532 /* aicon40x3.png */,
				9E6E8B71205EA8A400153532 /* aicon40x1.png */,
				9E6E8B72205EA8A400153532 /* aicon835x2.png */,
				9E6E8B73205EA8A400153532 /* aicon1024.png */,
				9E6E8B74205EA8A400153532 /* aicon20x1.png */,
				9E6E8B75205EA8A400153532 /* aicon20x3.png */,
				9E6E8B76205EA8A400153532 /* aicon20x2.png */,
				9E6E8B77205EA8A400153532 /* aicon76x2.png */,
				9E6E8B78205EA8A400153532 /* aicon76x1.png */,
				9E6E8B79205EA8A400153532 /* mk01.png */,
				9E6E8B7A205EA8A400153532 /* aicon29x3.png */,
				9E6E8B7B205EA8A400153532 /* aicon29x2.png */,
				9E6E8B7C205EA8A400153532 /* zconvert.sh */,
				9E6E8B7D205EA8A400153532 /* aicon29x1.png */,
			);
			path = mk01;
			sourceTree = "<group>";
		};
		9E6E8B7E205EA8A400153532 /* nara */ = {
			isa = PBXGroup;
			children = (
				9E6E8B7F205EA8A400153532 /* aicon60x2.png */,
				9E6E8B80205EA8A400153532 /* aicon60x3.png */,
				9E6E8B81205EA8A400153532 /* aicon40x2.png */,
				9E6E8B82205EA8A400153532 /* aicon40x3.png */,
				9E6E8B83205EA8A400153532 /* aicon40x1.png */,
				9E6E8B84205EA8A400153532 /* aicon835x2.png */,
				9E6E8B85205EA8A400153532 /* aicon1024.png */,
				9E6E8B86205EA8A400153532 /* aicon20x1.png */,
				9E6E8B87205EA8A400153532 /* aicon20x3.png */,
				9E6E8B88205EA8A400153532 /* aicon20x2.png */,
				9E6E8B89205EA8A400153532 /* nara.png */,
				9E6E8B8A205EA8A400153532 /* aicon76x2.png */,
				9E6E8B8B205EA8A400153532 /* aicon76x1.png */,
				9E6E8B8C205EA8A400153532 /* aicon29x3.png */,
				9E6E8B8D205EA8A400153532 /* aicon29x2.png */,
				9E6E8B8E205EA8A400153532 /* zconvert.sh */,
				9E6E8B8F205EA8A400153532 /* aicon29x1.png */,
			);
			path = nara;
			sourceTree = "<group>";
		};
		9E6E8B90205EA8A400153532 /* yayoi */ = {
			isa = PBXGroup;
			children = (
				9E6E8B91205EA8A400153532 /* aicon60x2.png */,
				9E6E8B92205EA8A400153532 /* aicon60x3.png */,
				9E6E8B93205EA8A400153532 /* aicon40x2.png */,
				9E6E8B94205EA8A400153532 /* aicon40x3.png */,
				9E6E8B95205EA8A400153532 /* aicon40x1.png */,
				9E6E8B96205EA8A400153532 /* yayoi.png */,
				9E6E8B97205EA8A400153532 /* aicon835x2.png */,
				9E6E8B98205EA8A400153532 /* aicon1024.png */,
				9E6E8B99205EA8A400153532 /* aicon20x1.png */,
				9E6E8B9A205EA8A400153532 /* aicon20x3.png */,
				9E6E8B9B205EA8A400153532 /* aicon20x2.png */,
				9E6E8B9C205EA8A400153532 /* aicon76x2.png */,
				9E6E8B9D205EA8A400153532 /* aicon76x1.png */,
				9E6E8B9E205EA8A400153532 /* aicon29x3.png */,
				9E6E8B9F205EA8A400153532 /* aicon29x2.png */,
				9E6E8BA0205EA8A400153532 /* zconvert.sh */,
				9E6E8BA1205EA8A400153532 /* aicon29x1.png */,
			);
			path = yayoi;
			sourceTree = "<group>";
		};
		9E6E8BA2205EA8A400153532 /* mk */ = {
			isa = PBXGroup;
			children = (
				9E6E8BA3205EA8A400153532 /* aicon60x2.png */,
				9E6E8BA4205EA8A400153532 /* aicon60x3.png */,
				9E6E8BA5205EA8A400153532 /* aicon40x2.png */,
				9E6E8BA6205EA8A400153532 /* aicon40x3.png */,
				9E6E8BA7205EA8A400153532 /* aicon40x1.png */,
				9E6E8BA8205EA8A400153532 /* aicon835x2.png */,
				9E6E8BA9205EA8A400153532 /* aicon1024.png */,
				9E6E8BAA205EA8A400153532 /* aicon20x1.png */,
				9E6E8BAB205EA8A400153532 /* aicon20x3.png */,
				9E6E8BAC205EA8A400153532 /* aicon20x2.png */,
				9E6E8BAD205EA8A400153532 /* aicon76x2.png */,
				9E6E8BAE205EA8A400153532 /* mk005.png */,
				9E6E8BAF205EA8A400153532 /* aicon76x1.png */,
				9E6E8BB0205EA8A400153532 /* aicon29x3.png */,
				9E6E8BB1205EA8A400153532 /* aicon29x2.png */,
				9E6E8BB2205EA8A400153532 /* zconvert.sh */,
				9E6E8BB3205EA8A400153532 /* aicon29x1.png */,
			);
			path = mk;
			sourceTree = "<group>";
		};
		9E6E8BB4205EA8A400153532 /* chester */ = {
			isa = PBXGroup;
			children = (
				9E6E8BB5205EA8A400153532 /* aicon60x2.png */,
				9E6E8BB6205EA8A400153532 /* aicon60x3.png */,
				9E6E8BB7205EA8A400153532 /* aicon40x2.png */,
				9E6E8BB8205EA8A400153532 /* aicon40x3.png */,
				9E6E8BB9205EA8A400153532 /* aicon40x1.png */,
				9E6E8BBA205EA8A400153532 /* chester.png */,
				9E6E8BBB205EA8A400153532 /* aicon835x2.png */,
				9E6E8BBC205EA8A400153532 /* aicon1024.png */,
				9E6E8BBD205EA8A400153532 /* aicon20x1.png */,
				9E6E8BBE205EA8A400153532 /* aicon20x3.png */,
				9E6E8BBF205EA8A400153532 /* aicon20x2.png */,
				9E6E8BC0205EA8A400153532 /* aicon76x2.png */,
				9E6E8BC1205EA8A400153532 /* aicon76x1.png */,
				9E6E8BC2205EA8A400153532 /* aicon29x3.png */,
				9E6E8BC3205EA8A400153532 /* aicon29x2.png */,
				9E6E8BC4205EA8A400153532 /* zconvert.sh */,
				9E6E8BC5205EA8A400153532 /* aicon29x1.png */,
			);
			path = chester;
			sourceTree = "<group>";
		};
		9E6E8BC6205EA8A400153532 /* whouse */ = {
			isa = PBXGroup;
			children = (
				9E6E8BC7205EA8A400153532 /* aicon60x2.png */,
				9E6E8BC8205EA8A400153532 /* aicon60x3.png */,
				9E6E8BC9205EA8A400153532 /* aicon40x2.png */,
				9E6E8BCA205EA8A400153532 /* aicon40x3.png */,
				9E6E8BCB205EA8A400153532 /* aicon40x1.png */,
				9E6E8BCC205EA8A400153532 /* aicon835x2.png */,
				9E6E8BCD205EA8A400153532 /* whouse.png */,
				9E6E8BCE205EA8A400153532 /* aicon1024.png */,
				9E6E8BCF205EA8A400153532 /* aicon20x1.png */,
				9E6E8BD0205EA8A400153532 /* aicon20x3.png */,
				9E6E8BD1205EA8A400153532 /* aicon20x2.png */,
				9E6E8BD2205EA8A400153532 /* aicon76x2.png */,
				9E6E8BD3205EA8A400153532 /* aicon76x1.png */,
				9E6E8BD4205EA8A400153532 /* aicon29x3.png */,
				9E6E8BD5205EA8A400153532 /* aicon29x2.png */,
				9E6E8BD6205EA8A400153532 /* zconvert.sh */,
				9E6E8BD7205EA8A400153532 /* aicon29x1.png */,
			);
			path = whouse;
			sourceTree = "<group>";
		};
/* End PBXGroup section */

/* Begin PBXNativeTarget section */
		9E6E8A7B205EA53D00153532 /* Toro */ = {
			isa = PBXNativeTarget;
			buildConfigurationList = 9E6E8A8E205EA53D00153532 /* Build configuration list for PBXNativeTarget "Toro" */;
			buildPhases = (
				9E6E8A78205EA53D00153532 /* Sources */,
				9E6E8A79205EA53D00153532 /* Frameworks */,
				9E6E8A7A205EA53D00153532 /* Resources */,
			);
			buildRules = (
			);
			dependencies = (
			);
			name = Toro;
			productName = Toro;
			productReference = 9E6E8A7C205EA53D00153532 /* Toro.app */;
			productType = "com.apple.product-type.application";
		};
/* End PBXNativeTarget section */

/* Begin PBXProject section */
		9E6E8A74205EA53D00153532 /* Project object */ = {
			isa = PBXProject;
			attributes = {
				LastSwiftUpdateCheck = 0920;
				LastUpgradeCheck = 0920;
				ORGANIZATIONNAME = "John Blaine";
				TargetAttributes = {
					9E6E8A7B205EA53D00153532 = {
						CreatedOnToolsVersion = 9.2;
						ProvisioningStyle = Automatic;
					};
				};
			};
			buildConfigurationList = 9E6E8A77205EA53D00153532 /* Build configuration list for PBXProject "Toro" */;
			compatibilityVersion = "Xcode 8.0";
			developmentRegion = en;
			hasScannedForEncodings = 0;
			knownRegions = (
				en,
				Base,
			);
			mainGroup = 9E6E8A73205EA53D00153532;
			productRefGroup = 9E6E8A7D205EA53D00153532 /* Products */;
			projectDirPath = "";
			projectRoot = "";
			targets = (
				9E6E8A7B205EA53D00153532 /* Toro */,
			);
		};
/* End PBXProject section */

/* Begin PBXResourcesBuildPhase section */
		9E6E8A7A205EA53D00153532 /* Resources */ = {
			isa = PBXResourcesBuildPhase;
			buildActionMask = 2147483647;
			files = (
				9E6E8C06205EA8A500153532 /* aicon76x1.png in Resources */,
				9E6E8BF2205EA8A500153532 /* aicon20x2.png in Resources */,
				9E6E8C2B205EA8A500153532 /* zconvert.sh in Resources */,
				9E6E8C1D205EA8A500153532 /* aicon60x3.png in Resources */,
				9E6E8C17205EA8A500153532 /* aicon76x1.png in Resources */,
				9E6E8BF4205EA8A500153532 /* aicon76x2.png in Resources */,
				9E6E8C27205EA8A500153532 /* aicon76x2.png in Resources */,
				9E6E8C0C205EA8A500153532 /* aicon60x3.png in Resources */,
				9E6E8BDB205EA8A500153532 /* aicon40x3.png in Resources */,
				9E6E8C29205EA8A500153532 /* aicon29x3.png in Resources */,
				9E6E8A8A205EA53D00153532 /* LaunchScreen.storyboard in Resources */,
				9E6E8BE8205EA8A500153532 /* aicon29x1.png in Resources */,
				9E6E8C18205EA8A500153532 /* aicon29x3.png in Resources */,
				9E6E8BE1205EA8A500153532 /* aicon20x2.png in Resources */,
				9E6E8C1C205EA8A500153532 /* aicon60x2.png in Resources */,
				9E6E8C04205EA8A500153532 /* aicon20x2.png in Resources */,
				9E6E8BE9205EA8A500153532 /* aicon60x2.png in Resources */,
				9E6E8C11205EA8A500153532 /* aicon1024.png in Resources */,
				9E6E8C02205EA8A500153532 /* aicon20x1.png in Resources */,
				9E6E8BD9205EA8A500153532 /* aicon60x3.png in Resources */,
				9E6E8BF6205EA8A500153532 /* aicon29x3.png in Resources */,
				9E6E8C30205EA8A500153532 /* aicon40x3.png in Resources */,
				9E6E8C1B205EA8A500153532 /* aicon29x1.png in Resources */,
				9E6E8C31205EA8A500153532 /* aicon40x1.png in Resources */,
				9E6E8C2F205EA8A500153532 /* aicon40x2.png in Resources */,
				9E6E8C2C205EA8A500153532 /* aicon29x1.png in Resources */,
				9E6E8C0A205EA8A500153532 /* aicon29x1.png in Resources */,
				9E6E8BEB205EA8A500153532 /* aicon40x2.png in Resources */,
				9E6E8C2A205EA8A500153532 /* aicon29x2.png in Resources */,
				9E6E8BE4205EA8A500153532 /* mk01.png in Resources */,
				9E6E8BE0205EA8A500153532 /* aicon20x3.png in Resources */,
				9E6E8C13205EA8A500153532 /* aicon20x3.png in Resources */,
				9E6E8BFF205EA8A500153532 /* yayoi.png in Resources */,
				9E6E8C12205EA8A500153532 /* aicon20x1.png in Resources */,
				9E6E8C39205EA8A500153532 /* aicon76x1.png in Resources */,
				9E6E8C2E205EA8A500153532 /* aicon60x3.png in Resources */,
				9E6E8C3B205EA8A500153532 /* aicon29x2.png in Resources */,
				9E6E8C0F205EA8A500153532 /* aicon40x1.png in Resources */,
				9E6E8C28205EA8A500153532 /* aicon76x1.png in Resources */,
				9E6E8C25205EA8A500153532 /* aicon20x3.png in Resources */,
				9E6E8C14205EA8A500153532 /* aicon20x2.png in Resources */,
				9E6E8BF1205EA8A500153532 /* aicon20x3.png in Resources */,
				9E6E8C3D205EA8A500153532 /* aicon29x1.png in Resources */,
				9E6E8BF9205EA8A500153532 /* aicon29x1.png in Resources */,
				9E6E8C3A205EA8A500153532 /* aicon29x3.png in Resources */,
				9E6E8BDA205EA8A500153532 /* aicon40x2.png in Resources */,
				9E6E8BF3205EA8A500153532 /* nara.png in Resources */,
				9E6E8C1F205EA8A500153532 /* aicon40x3.png in Resources */,
				9E6E8A87205EA53D00153532 /* Assets.xcassets in Resources */,
				9E6E8C05205EA8A500153532 /* aicon76x2.png in Resources */,
				9E6E8BE5205EA8A500153532 /* aicon29x3.png in Resources */,
				9E6E8BD8205EA8A500153532 /* aicon60x2.png in Resources */,
				9E6E8C24205EA8A500153532 /* aicon20x1.png in Resources */,
				9E6E8C34205EA8A500153532 /* aicon1024.png in Resources */,
				9E6E8BF0205EA8A500153532 /* aicon20x1.png in Resources */,
				9E6E8BFA205EA8A500153532 /* aicon60x2.png in Resources */,
				9E6E8A85205EA53D00153532 /* Main.storyboard in Resources */,
				9E6E8C36205EA8A500153532 /* aicon20x3.png in Resources */,
				9E6E8BF7205EA8A500153532 /* aicon29x2.png in Resources */,
				9E6E8C16205EA8A500153532 /* mk005.png in Resources */,
				9E6E8C2D205EA8A500153532 /* aicon60x2.png in Resources */,
				9E6E8BFE205EA8A500153532 /* aicon40x1.png in Resources */,
				9E6E8C22205EA8A500153532 /* aicon835x2.png in Resources */,
				9E6E8C00205EA8A500153532 /* aicon835x2.png in Resources */,
				9E6E8BDE205EA8A500153532 /* aicon1024.png in Resources */,
				9E6E8BFC205EA8A500153532 /* aicon40x2.png in Resources */,
				9E6E8BE3205EA8A500153532 /* aicon76x1.png in Resources */,
				9E6E8BFD205EA8A500153532 /* aicon40x3.png in Resources */,
				9E6E8BFB205EA8A500153532 /* aicon60x3.png in Resources */,
				9E6E8BF8205EA8A500153532 /* zconvert.sh in Resources */,
				9E6E8BEA205EA8A500153532 /* aicon60x3.png in Resources */,
				9E6E8C20205EA8A500153532 /* aicon40x1.png in Resources */,
				9E6E8BEE205EA8A500153532 /* aicon835x2.png in Resources */,
				9E6E8C37205EA8A500153532 /* aicon20x2.png in Resources */,
				9E6E8BEC205EA8A500153532 /* aicon40x3.png in Resources */,
				9E6E8C08205EA8A500153532 /* aicon29x2.png in Resources */,
				9E6E8BEF205EA8A500153532 /* aicon1024.png in Resources */,
				9E6E8C19205EA8A500153532 /* aicon29x2.png in Resources */,
				9E6E8BDD205EA8A500153532 /* aicon835x2.png in Resources */,
				9E6E8C0B205EA8A500153532 /* aicon60x2.png in Resources */,
				9E6E8C01205EA8A500153532 /* aicon1024.png in Resources */,
				9E6E8C35205EA8A500153532 /* aicon20x1.png in Resources */,
				9E6E8C23205EA8A500153532 /* aicon1024.png in Resources */,
				9E6E8C1E205EA8A500153532 /* aicon40x2.png in Resources */,
				9E6E8C1A205EA8A500153532 /* zconvert.sh in Resources */,
				9E6E8C26205EA8A500153532 /* aicon20x2.png in Resources */,
				9E6E8C07205EA8A500153532 /* aicon29x3.png in Resources */,
				9E6E8C21205EA8A500153532 /* chester.png in Resources */,
				9E6E8BDF205EA8A500153532 /* aicon20x1.png in Resources */,
				9E6E8C10205EA8A500153532 /* aicon835x2.png in Resources */,
				9E6E8BE7205EA8A500153532 /* zconvert.sh in Resources */,
				9E6E8C32205EA8A500153532 /* aicon835x2.png in Resources */,
				9E6E8BF5205EA8A500153532 /* aicon76x1.png in Resources */,
				9E6E8BED205EA8A500153532 /* aicon40x1.png in Resources */,
				9E6E8C09205EA8A500153532 /* zconvert.sh in Resources */,
				9E6E8BE6205EA8A500153532 /* aicon29x2.png in Resources */,
				9E6E8C0E205EA8A500153532 /* aicon40x3.png in Resources */,
				9E6E8C38205EA8A500153532 /* aicon76x2.png in Resources */,
				9E6E8C33205EA8A500153532 /* whouse.png in Resources */,
				9E6E8BDC205EA8A500153532 /* aicon40x1.png in Resources */,
				9E6E8C03205EA8A500153532 /* aicon20x3.png in Resources */,
				9E6E8BE2205EA8A500153532 /* aicon76x2.png in Resources */,
				9E6E8C15205EA8A500153532 /* aicon76x2.png in Resources */,
				9E6E8C0D205EA8A500153532 /* aicon40x2.png in Resources */,
				9E6E8C3C205EA8A500153532 /* zconvert.sh in Resources */,
			);
			runOnlyForDeploymentPostprocessing = 0;
		};
/* End PBXResourcesBuildPhase section */

/* Begin PBXSourcesBuildPhase section */
		9E6E8A78205EA53D00153532 /* Sources */ = {
			isa = PBXSourcesBuildPhase;
			buildActionMask = 2147483647;
			files = (
				9E6E8A82205EA53D00153532 /* ViewController.swift in Sources */,
				9E6E8A80205EA53D00153532 /* AppDelegate.swift in Sources */,
			);
			runOnlyForDeploymentPostprocessing = 0;
		};
/* End PBXSourcesBuildPhase section */

/* Begin PBXVariantGroup section */
		9E6E8A83205EA53D00153532 /* Main.storyboard */ = {
			isa = PBXVariantGroup;
			children = (
				9E6E8A84205EA53D00153532 /* Base */,
			);
			name = Main.storyboard;
			sourceTree = "<group>";
		};
		9E6E8A88205EA53D00153532 /* LaunchScreen.storyboard */ = {
			isa = PBXVariantGroup;
			children = (
				9E6E8A89205EA53D00153532 /* Base */,
			);
			name = LaunchScreen.storyboard;
			sourceTree = "<group>";
		};
/* End PBXVariantGroup section */

/* Begin XCBuildConfiguration section */
		9E6E8A8C205EA53D00153532 /* Debug */ = {
			isa = XCBuildConfiguration;
			buildSettings = {
				ALWAYS_SEARCH_USER_PATHS = NO;
				CLANG_ANALYZER_NONNULL = YES;
				CLANG_ANALYZER_NUMBER_OBJECT_CONVERSION = YES_AGGRESSIVE;
				CLANG_CXX_LANGUAGE_STANDARD = "gnu++14";
				CLANG_CXX_LIBRARY = "libc++";
				CLANG_ENABLE_MODULES = YES;
				CLANG_ENABLE_OBJC_ARC = YES;
				CLANG_WARN_BLOCK_CAPTURE_AUTORELEASING = YES;
				CLANG_WARN_BOOL_CONVERSION = YES;
				CLANG_WARN_COMMA = YES;
				CLANG_WARN_CONSTANT_CONVERSION = YES;
				CLANG_WARN_DIRECT_OBJC_ISA_USAGE = YES_ERROR;
				CLANG_WARN_DOCUMENTATION_COMMENTS = YES;
				CLANG_WARN_EMPTY_BODY = YES;
				CLANG_WARN_ENUM_CONVERSION = YES;
				CLANG_WARN_INFINITE_RECURSION = YES;
				CLANG_WARN_INT_CONVERSION = YES;
				CLANG_WARN_NON_LITERAL_NULL_CONVERSION = YES;
				CLANG_WARN_OBJC_LITERAL_CONVERSION = YES;
				CLANG_WARN_OBJC_ROOT_CLASS = YES_ERROR;
				CLANG_WARN_RANGE_LOOP_ANALYSIS = YES;
				CLANG_WARN_STRICT_PROTOTYPES = YES;
				CLANG_WARN_SUSPICIOUS_MOVE = YES;
				CLANG_WARN_UNGUARDED_AVAILABILITY = YES_AGGRESSIVE;
				CLANG_WARN_UNREACHABLE_CODE = YES;
				CLANG_WARN__DUPLICATE_METHOD_MATCH = YES;
				CODE_SIGN_IDENTITY = "iPhone Developer";
				COPY_PHASE_STRIP = NO;
				DEBUG_INFORMATION_FORMAT = dwarf;
				ENABLE_STRICT_OBJC_MSGSEND = YES;
				ENABLE_TESTABILITY = YES;
				GCC_C_LANGUAGE_STANDARD = gnu11;
				GCC_DYNAMIC_NO_PIC = NO;
				GCC_NO_COMMON_BLOCKS = YES;
				GCC_OPTIMIZATION_LEVEL = 0;
				GCC_PREPROCESSOR_DEFINITIONS = (
					"DEBUG=1",
					"$(inherited)",
				);
				GCC_WARN_64_TO_32_BIT_CONVERSION = YES;
				GCC_WARN_ABOUT_RETURN_TYPE = YES_ERROR;
				GCC_WARN_UNDECLARED_SELECTOR = YES;
				GCC_WARN_UNINITIALIZED_AUTOS = YES_AGGRESSIVE;
				GCC_WARN_UNUSED_FUNCTION = YES;
				GCC_WARN_UNUSED_VARIABLE = YES;
				IPHONEOS_DEPLOYMENT_TARGET = 11.2;
				MTL_ENABLE_DEBUG_INFO = YES;
				ONLY_ACTIVE_ARCH = YES;
				SDKROOT = iphoneos;
				SWIFT_ACTIVE_COMPILATION_CONDITIONS = DEBUG;
				SWIFT_OPTIMIZATION_LEVEL = "-Onone";
			};
			name = Debug;
		};
		9E6E8A8D205EA53D00153532 /* Release */ = {
			isa = XCBuildConfiguration;
			buildSettings = {
				ALWAYS_SEARCH_USER_PATHS = NO;
				CLANG_ANALYZER_NONNULL = YES;
				CLANG_ANALYZER_NUMBER_OBJECT_CONVERSION = YES_AGGRESSIVE;
				CLANG_CXX_LANGUAGE_STANDARD = "gnu++14";
				CLANG_CXX_LIBRARY = "libc++";
				CLANG_ENABLE_MODULES = YES;
				CLANG_ENABLE_OBJC_ARC = YES;
				CLANG_WARN_BLOCK_CAPTURE_AUTORELEASING = YES;
				CLANG_WARN_BOOL_CONVERSION = YES;
				CLANG_WARN_COMMA = YES;
				CLANG_WARN_CONSTANT_CONVERSION = YES;
				CLANG_WARN_DIRECT_OBJC_ISA_USAGE = YES_ERROR;
				CLANG_WARN_DOCUMENTATION_COMMENTS = YES;
				CLANG_WARN_EMPTY_BODY = YES;
				CLANG_WARN_ENUM_CONVERSION = YES;
				CLANG_WARN_INFINITE_RECURSION = YES;
				CLANG_WARN_INT_CONVERSION = YES;
				CLANG_WARN_NON_LITERAL_NULL_CONVERSION = YES;
				CLANG_WARN_OBJC_LITERAL_CONVERSION = YES;
				CLANG_WARN_OBJC_ROOT_CLASS = YES_ERROR;
				CLANG_WARN_RANGE_LOOP_ANALYSIS = YES;
				CLANG_WARN_STRICT_PROTOTYPES = YES;
				CLANG_WARN_SUSPICIOUS_MOVE = YES;
				CLANG_WARN_UNGUARDED_AVAILABILITY = YES_AGGRESSIVE;
				CLANG_WARN_UNREACHABLE_CODE = YES;
				CLANG_WARN__DUPLICATE_METHOD_MATCH = YES;
				CODE_SIGN_IDENTITY = "iPhone Developer";
				COPY_PHASE_STRIP = NO;
				DEBUG_INFORMATION_FORMAT = "dwarf-with-dsym";
				ENABLE_NS_ASSERTIONS = NO;
				ENABLE_STRICT_OBJC_MSGSEND = YES;
				GCC_C_LANGUAGE_STANDARD = gnu11;
				GCC_NO_COMMON_BLOCKS = YES;
				GCC_WARN_64_TO_32_BIT_CONVERSION = YES;
				GCC_WARN_ABOUT_RETURN_TYPE = YES_ERROR;
				GCC_WARN_UNDECLARED_SELECTOR = YES;
				GCC_WARN_UNINITIALIZED_AUTOS = YES_AGGRESSIVE;
				GCC_WARN_UNUSED_FUNCTION = YES;
				GCC_WARN_UNUSED_VARIABLE = YES;
				IPHONEOS_DEPLOYMENT_TARGET = 11.2;
				MTL_ENABLE_DEBUG_INFO = NO;
				SDKROOT = iphoneos;
				SWIFT_OPTIMIZATION_LEVEL = "-Owholemodule";
				VALIDATE_PRODUCT = YES;
			};
			name = Release;
		};
		9E6E8A8F205EA53D00153532 /* Debug */ = {
			isa = XCBuildConfiguration;
			buildSettings = {
				ASSETCATALOG_COMPILER_APPICON_NAME = AppIcon;
				CODE_SIGN_STYLE = Automatic;
				DEVELOPMENT_TEAM = 39LDUJS32M;
				INFOPLIST_FILE = Toro/Info.plist;
				LD_RUNPATH_SEARCH_PATHS = "$(inherited) @executable_path/Frameworks";
				PRODUCT_BUNDLE_IDENTIFIER = bun.Toro;
				PRODUCT_NAME = "$(TARGET_NAME)";
				SWIFT_VERSION = 4.0;
				TARGETED_DEVICE_FAMILY = "1,2";
			};
			name = Debug;
		};
		9E6E8A90205EA53D00153532 /* Release */ = {
			isa = XCBuildConfiguration;
			buildSettings = {
				ASSETCATALOG_COMPILER_APPICON_NAME = AppIcon;
				CODE_SIGN_STYLE = Automatic;
				DEVELOPMENT_TEAM = 39LDUJS32M;
				INFOPLIST_FILE = Toro/Info.plist;
				LD_RUNPATH_SEARCH_PATHS = "$(inherited) @executable_path/Frameworks";
				PRODUCT_BUNDLE_IDENTIFIER = bun.Toro;
				PRODUCT_NAME = "$(TARGET_NAME)";
				SWIFT_VERSION = 4.0;
				TARGETED_DEVICE_FAMILY = "1,2";
			};
			name = Release;
		};
/* End XCBuildConfiguration section */

/* Begin XCConfigurationList section */
		9E6E8A77205EA53D00153532 /* Build configuration list for PBXProject "Toro" */ = {
			isa = XCConfigurationList;
			buildConfigurations = (
				9E6E8A8C205EA53D00153532 /* Debug */,
				9E6E8A8D205EA53D00153532 /* Release */,
			);
			defaultConfigurationIsVisible = 0;
			defaultConfigurationName = Release;
		};
		9E6E8A8E205EA53D00153532 /* Build configuration list for PBXNativeTarget "Toro" */ = {
			isa = XCConfigurationList;
			buildConfigurations = (
				9E6E8A8F205EA53D00153532 /* Debug */,
				9E6E8A90205EA53D00153532 /* Release */,
			);
			defaultConfigurationIsVisible = 0;
			defaultConfigurationName = Release;
		};
/* End XCConfigurationList section */
	};
	rootObject = 9E6E8A74205EA53D00153532 /* Project object */;
}
